
Microsoft Visual Studio Solution File, Format Version 12.00
# Visual Studio Version 17
VisualStudioVersion = 17.14.36401.2 d17.14
MinimumVisualStudioVersion = 10.0.40219.1
Project("{FAE04EC0-301F-11D3-BF4B-00C04F79EFBC}") = "ProteinStore.API", "ProteinStore.API.csproj", "{9E2CFB3D-4237-498A-A347-B05390278B96}"
EndProject
Global
	GlobalSection(SolutionConfigurationPlatforms) = preSolution
		Debug|Any CPU = Debug|Any CPU
		Release|Any CPU = Release|Any CPU
	EndGlobalSection
	GlobalSection(ProjectConfigurationPlatforms) = postSolution
		{9E2CFB3D-4237-498A-A347-B05390278B96}.Debug|Any CPU.ActiveCfg = Debug|Any CPU
		{9E2CFB3D-4237-498A-A347-B05390278B96}.Debug|Any CPU.Build.0 = Debug|Any CPU
		{9E2CFB3D-4237-498A-A347-B05390278B96}.Release|Any CPU.ActiveCfg = Release|Any CPU
		{9E2CFB3D-4237-498A-A347-B05390278B96}.Release|Any CPU.Build.0 = Release|Any CPU
	EndGlobalSection
	GlobalSection(SolutionProperties) = preSolution
		HideSolutionNode = FALSE
	EndGlobalSection
	GlobalSection(ExtensibilityGlobals) = postSolution
		SolutionGuid = {288C066B-F8B8-4334-902C-A722DB236CB3}
	EndGlobalSection
EndGlobal
